github.com/andybalholm/brotli v1.0.4 h1:V7DdXeJtZscaqfNuAdSRuRFzuiKlHSC/Zh3zl9qY3JY=
github.com/klauspost/compress v1.15.1 h1:y9FcTHGyrebwfP0ZZqFiaxTaiDnUrGkJkI+f583BL1A=
github.com/valyala/bytebufferpool v1.0.0 h1:GqA5TC/0021Y/b9FG4Oi9Mr3q7XYx6KllzawFIhcdPw=
github.com/valyala/fasthttp v1.35.0 h1:wwkR8mZn2NbigFsaw2Zj5r+xkmzjbrA/lyTmiSlal/Y=
